
Microsoft Visual Studio Solution File, Format Version 11.00
# Visual Studio 2010
# SharpDevelop 4.4
Project("{FAE04EC0-301F-11D3-BF4B-00C04F79EFBC}") = "Sudoku_V2", "Sudoku_V2\Sudoku_V2.csproj", "{526D5C28-75E4-4489-9C3A-E81534A2BE05}"
EndProject
Global
	GlobalSection(SolutionConfigurationPlatforms) = preSolution
		Debug|Any CPU = Debug|Any CPU
		Release|Any CPU = Release|Any CPU
	EndGlobalSection
	GlobalSection(ProjectConfigurationPlatforms) = postSolution
		{526D5C28-75E4-4489-9C3A-E81534A2BE05}.Debug|Any CPU.Build.0 = Debug|Any CPU
		{526D5C28-75E4-4489-9C3A-E81534A2BE05}.Debug|Any CPU.ActiveCfg = Debug|Any CPU
		{526D5C28-75E4-4489-9C3A-E81534A2BE05}.Release|Any CPU.Build.0 = Release|Any CPU
		{526D5C28-75E4-4489-9C3A-E81534A2BE05}.Release|Any CPU.ActiveCfg = Release|Any CPU
	EndGlobalSection
EndGlobal
